// !$*UTF8*$!
{
	archiveVersion = 1;
	classes = {
	};
	objectVersion = 50;
	objects = {

/* Begin PBXBuildFile section */
		5FAC9FC826FEB88C00A5CB70 /* MatchTraumaApp.swift in Sources */ = {isa = PBXBuildFile; fileRef = 5FAC9FC726FEB88C00A5CB70 /* MatchTraumaApp.swift */; };
		5FAC9FCA26FEB88C00A5CB70 /* ContentView.swift in Sources */ = {isa = PBXBuildFile; fileRef = 5FAC9FC926FEB88C00A5CB70 /* ContentView.swift */; };
		5FAC9FCC26FEB88D00A5CB70 /* Assets.xcassets in Resources */ = {isa = PBXBuildFile; fileRef = 5FAC9FCB26FEB88D00A5CB70 /* Assets.xcassets */; };
		5FAC9FCF26FEB88D00A5CB70 /* Preview Assets.xcassets in Resources */ = {isa = PBXBuildFile; fileRef = 5FAC9FCE26FEB88D00A5CB70 /* Preview Assets.xcassets */; };
/* End PBXBuildFile section */

/* Begin PBXFileReference section */
		5FAC9FC426FEB88C00A5CB70 /* MatchTrauma.app */ = {isa = PBXFileReference; explicitFileType = wrapper.application; includeInIndex = 0; path = MatchTrauma.app; sourceTree = BUILT_PRODUCTS_DIR; };
		5FAC9FC726FEB88C00A5CB70 /* MatchTraumaApp.swift */ = {isa = PBXFileReference; lastKnownFileType = sourcecode.swift; path = MatchTraumaApp.swift; sourceTree = "<group>"; };
		5FAC9FC926FEB88C00A5CB70 /* ContentView.swift */ = {isa = PBXFileReference; lastKnownFileType = sourcecode.swift; path = ContentView.swift; sourceTree = "<group>"; };
		5FAC9FCB26FEB88D00A5CB70 /* Assets.xcassets */ = {isa = PBXFileReference; lastKnownFileType = folder.assetcatalog; path = Assets.xcassets; sourceTree = "<group>"; };
		5FAC9FCE26FEB88D00A5CB70 /* Preview Assets.xcassets */ = {isa = PBXFileReference; lastKnownFileType = folder.assetcatalog; path = "Preview Assets.xcassets"; sourceTree = "<group>"; };
		5FAC9FD026FEB88D00A5CB70 /* Info.plist */ = {isa = PBXFileReference; lastKnownFileType = text.plist.xml; path = Info.plist; sourceTree = "<group>"; };
/* End PBXFileReference section */

/* Begin PBXFrameworksBuildPhase section */
		5FAC9FC126FEB88C00A5CB70 /* Frameworks */ = {
			isa = PBXFrameworksBuildPhase;
			buildActionMask = 2147483647;
			files = (
			);
			runOnlyForDeploymentPostprocessing = 0;
		};
/* End PBXFrameworksBuildPhase section */

/* Begin PBXGroup section */
		5FAC9FBB26FEB88C00A5CB70 = {
			isa = PBXGroup;
			children = (
				5FAC9FC626FEB88C00A5CB70 /* MatchTrauma */,
				5FAC9FC526FEB88C00A5CB70 /* Products */,
			);
			sourceTree = "<group>";
		};
		5FAC9FC526FEB88C00A5CB70 /* Products */ = {
			isa = PBXGroup;
			children = (
				5FAC9FC426FEB88C00A5CB70 /* MatchTrauma.app */,
			);
			name = Products;
			sourceTree = "<group>";
		};
		5FAC9FC626FEB88C00A5CB70 /* MatchTrauma */ = {
			isa = PBXGroup;
			children = (
				5FAC9FC726FEB88C00A5CB70 /* MatchTraumaApp.swift */,
				5FAC9FC926FEB88C00A5CB70 /* ContentView.swift */,
				5FAC9FCB26FEB88D00A5CB70 /* Assets.xcassets */,
				5FAC9FD026FEB88D00A5CB70 /* Info.plist */,
				5FAC9FCD26FEB88D00A5CB70 /* Preview Content */,
			);
			path = MatchTrauma;
			sourceTree = "<group>";
		};
		5FAC9FCD26FEB88D00A5CB70 /* Preview Content */ = {
			isa = PBXGroup;
			children = (
				5FAC9FCE26FEB88D00A5CB70 /* Preview Assets.xcassets */,
			);
			path = "Preview Content";
			sourceTree = "<group>";
		};
/* End PBXGroup section */

/* Begin PBXNativeTarget section */
		5FAC9FC326FEB88C00A5CB70 /* MatchTrauma */ = {
			isa = PBXNativeTarget;
			buildConfigurationList = 5FAC9FD326FEB88D00A5CB70 /* Build configuration list for PBXNativeTarget "MatchTrauma" */;
			buildPhases = (
				5FAC9FC026FEB88C00A5CB70 /* Sources */,
				5FAC9FC126FEB88C00A5CB70 /* Frameworks */,
				5FAC9FC226FEB88C00A5CB70 /* Resources */,
			);
			buildRules = (
			);
			dependencies = (
			);
			name = MatchTrauma;
			productName = MatchTrauma;
			productReference = 5FAC9FC426FEB88C00A5CB70 /* MatchTrauma.app */;
			productType = "com.apple.product-type.application";
		};
/* End PBXNativeTarget section */

/* Begin PBXProject section */
		5FAC9FBC26FEB88C00A5CB70 /* Project object */ = {
			isa = PBXProject;
			attributes = {
				LastSwiftUpdateCheck = 1250;
				LastUpgradeCheck = 1250;
				TargetAttributes = {
					5FAC9FC326FEB88C00A5CB70 = {
						CreatedOnToolsVersion = 12.5;
					};
				};
			};
			buildConfigurationList = 5FAC9FBF26FEB88C00A5CB70 /* Build configuration list for PBXProject "MatchTrauma" */;
			compatibilityVersion = "Xcode 9.3";
			developmentRegion = en;
			hasScannedForEncodings = 0;
			knownRegions = (
				en,
				Base,
			);
			mainGroup = 5FAC9FBB26FEB88C00A5CB70;
			productRefGroup = 5FAC9FC526FEB88C00A5CB70 /* Products */;
			projectDirPath = "";
			projectRoot = "";
			targets = (
				5FAC9FC326FEB88C00A5CB70 /* MatchTrauma */,
			);
		};
/* End PBXProject section */

/* Begin PBXResourcesBuildPhase section */
		5FAC9FC226FEB88C00A5CB70 /* Resources */ = {
			isa = PBXResourcesBuildPhase;
			buildActionMask = 2147483647;
			files = (
				5FAC9FCF26FEB88D00A5CB70 /* Preview Assets.xcassets in Resources */,
				5FAC9FCC26FEB88D00A5CB70 /* Assets.xcassets in Resources */,
			);
			runOnlyForDeploymentPostprocessing = 0;
		};
/* End PBXResourcesBuildPhase section */

/* Begin PBXSourcesBuildPhase section */
		5FAC9FC026FEB88C00A5CB70 /* Sources */ = {
			isa = PBXSourcesBuildPhase;
			buildActionMask = 2147483647;
			files = (
				5FAC9FCA26FEB88C00A5CB70 /* ContentView.swift in Sources */,
				5FAC9FC826FEB88C00A5CB70 /* MatchTraumaApp.swift in Sources */,
			);
			runOnlyForDeploymentPostprocessing = 0;
		};
/* End PBXSourcesBuildPhase section */

/* Begin XCBuildConfiguration section */
		5FAC9FD126FEB88D00A5CB70 /* Debug */ = {
			isa = XCBuildConfiguration;
			buildSettings = {
				ALWAYS_SEARCH_USER_PATHS = NO;
				CLANG_ANALYZER_NONNULL = YES;
				CLANG_ANALYZER_NUMBER_OBJECT_CONVERSION = YES_AGGRESSIVE;
				CLANG_CXX_LANGUAGE_STANDARD = "gnu++14";
				CLANG_CXX_LIBRARY = "libc++";
				CLANG_ENABLE_MODULES = YES;
				CLANG_ENABLE_OBJC_ARC = YES;
				CLANG_ENABLE_OBJC_WEAK = YES;
				CLANG_WARN_BLOCK_CAPTURE_AUTORELEASING = YES;
				CLANG_WARN_BOOL_CONVERSION = YES;
				CLANG_WARN_COMMA = YES;
				CLANG_WARN_CONSTANT_CONVERSION = YES;
				CLANG_WARN_DEPRECATED_OBJC_IMPLEMENTATIONS = YES;
				CLANG_WARN_DIRECT_OBJC_ISA_USAGE = YES_ERROR;
				CLANG_WARN_DOCUMENTATION_COMMENTS = YES;
				CLANG_WARN_EMPTY_BODY = YES;
				CLANG_WARN_ENUM_CONVERSION = YES;
				CLANG_WARN_INFINITE_RECURSION = YES;
				CLANG_WARN_INT_CONVERSION = YES;
				CLANG_WARN_NON_LITERAL_NULL_CONVERSION = YES;
				CLANG_WARN_OBJC_IMPLICIT_RETAIN_SELF = YES;
				CLANG_WARN_OBJC_LITERAL_CONVERSION = YES;
				CLANG_WARN_OBJC_ROOT_CLASS = YES_ERROR;
				CLANG_WARN_QUOTED_INCLUDE_IN_FRAMEWORK_HEADER = YES;
				CLANG_WARN_RANGE_LOOP_ANALYSIS = YES;
				CLANG_WARN_STRICT_PROTOTYPES = YES;
				CLANG_WARN_SUSPICIOUS_MOVE = YES;
				CLANG_WARN_UNGUARDED_AVAILABILITY = YES_AGGRESSIVE;
				CLANG_WARN_UNREACHABLE_CODE = YES;
				CLANG_WARN__DUPLICATE_METHOD_MATCH = YES;
				COPY_PHASE_STRIP = NO;
				DEBUG_INFORMATION_FORMAT = dwarf;
				ENABLE_STRICT_OBJC_MSGSEND = YES;
				ENABLE_TESTABILITY = YES;
				GCC_C_LANGUAGE_STANDARD = gnu11;
				GCC_DYNAMIC_NO_PIC = NO;
				GCC_NO_COMMON_BLOCKS = YES;
				GCC_OPTIMIZATION_LEVEL = 0;
				GCC_PREPROCESSOR_DEFINITIONS = (
					"DEBUG=1",
					"$(inherited)",
				);
				GCC_WARN_64_TO_32_BIT_CONVERSION = YES;
				GCC_WARN_ABOUT_RETURN_TYPE = YES_ERROR;
				GCC_WARN_UNDECLARED_SELECTOR = YES;
				GCC_WARN_UNINITIALIZED_AUTOS = YES_AGGRESSIVE;
				GCC_WARN_UNUSED_FUNCTION = YES;
				GCC_WARN_UNUSED_VARIABLE = YES;
				IPHONEOS_DEPLOYMENT_TARGET = 14.5;
				MTL_ENABLE_DEBUG_INFO = INCLUDE_SOURCE;
				MTL_FAST_MATH = YES;
				ONLY_ACTIVE_ARCH = YES;
				SDKROOT = iphoneos;
				SWIFT_ACTIVE_COMPILATION_CONDITIONS = DEBUG;
				SWIFT_OPTIMIZATION_LEVEL = "-Onone";
			};
			name = Debug;
		};
		5FAC9FD226FEB88D00A5CB70 /* Release */ = {
			isa = XCBuildConfiguration;
			buildSettings = {
				ALWAYS_SEARCH_USER_PATHS = NO;
				CLANG_ANALYZER_NONNULL = YES;
				CLANG_ANALYZER_NUMBER_OBJECT_CONVERSION = YES_AGGRESSIVE;
				CLANG_CXX_LANGUAGE_STANDARD = "gnu++14";
				CLANG_CXX_LIBRARY = "libc++";
				CLANG_ENABLE_MODULES = YES;
				CLANG_ENABLE_OBJC_ARC = YES;
				CLANG_ENABLE_OBJC_WEAK = YES;
				CLANG_WARN_BLOCK_CAPTURE_AUTORELEASING = YES;
				CLANG_WARN_BOOL_CONVERSION = YES;
				CLANG_WARN_COMMA = YES;
				CLANG_WARN_CONSTANT_CONVERSION = YES;
				CLANG_WARN_DEPRECATED_OBJC_IMPLEMENTATIONS = YES;
				CLANG_WARN_DIRECT_OBJC_ISA_USAGE = YES_ERROR;
				CLANG_WARN_DOCUMENTATION_COMMENTS = YES;
				CLANG_WARN_EMPTY_BODY = YES;
				CLANG_WARN_ENUM_CONVERSION = YES;
				CLANG_WARN_INFINITE_RECURSION = YES;
				CLANG_WARN_INT_CONVERSION = YES;
				CLANG_WARN_NON_LITERAL_NULL_CONVERSION = YES;
				CLANG_WARN_OBJC_IMPLICIT_RETAIN_SELF = YES;
				CLANG_WARN_OBJC_LITERAL_CONVERSION = YES;
				CLANG_WARN_OBJC_ROOT_CLASS = YES_ERROR;
				CLANG_WARN_QUOTED_INCLUDE_IN_FRAMEWORK_HEADER = YES;
				CLANG_WARN_RANGE_LOOP_ANALYSIS = YES;
				CLANG_WARN_STRICT_PROTOTYPES = YES;
				CLANG_WARN_SUSPICIOUS_MOVE = YES;
				CLANG_WARN_UNGUARDED_AVAILABILITY = YES_AGGRESSIVE;
				CLANG_WARN_UNREACHABLE_CODE = YES;
				CLANG_WARN__DUPLICATE_METHOD_MATCH = YES;
				COPY_PHASE_STRIP = NO;
				DEBUG_INFORMATION_FORMAT = "dwarf-with-dsym";
				ENABLE_NS_ASSERTIONS = NO;
				ENABLE_STRICT_OBJC_MSGSEND = YES;
				GCC_C_LANGUAGE_STANDARD = gnu11;
				GCC_NO_COMMON_BLOCKS = YES;
				GCC_WARN_64_TO_32_BIT_CONVERSION = YES;
				GCC_WARN_ABOUT_RETURN_TYPE = YES_ERROR;
				GCC_WARN_UNDECLARED_SELECTOR = YES;
				GCC_WARN_UNINITIALIZED_AUTOS = YES_AGGRESSIVE;
				GCC_WARN_UNUSED_FUNCTION = YES;
				GCC_WARN_UNUSED_VARIABLE = YES;
				IPHONEOS_DEPLOYMENT_TARGET = 14.5;
				MTL_ENABLE_DEBUG_INFO = NO;
				MTL_FAST_MATH = YES;
				SDKROOT = iphoneos;
				SWIFT_COMPILATION_MODE = wholemodule;
				SWIFT_OPTIMIZATION_LEVEL = "-O";
				VALIDATE_PRODUCT = YES;
			};
			name = Release;
		};
		5FAC9FD426FEB88D00A5CB70 /* Debug */ = {
			isa = XCBuildConfiguration;
			buildSettings = {
				ASSETCATALOG_COMPILER_APPICON_NAME = AppIcon;
				ASSETCATALOG_COMPILER_GLOBAL_ACCENT_COLOR_NAME = AccentColor;
				CODE_SIGN_STYLE = Automatic;
				DEVELOPMENT_ASSET_PATHS = "\"MatchTrauma/Preview Content\"";
				DEVELOPMENT_TEAM = 999249JKY3;
				ENABLE_PREVIEWS = YES;
				INFOPLIST_FILE = MatchTrauma/Info.plist;
				IPHONEOS_DEPLOYMENT_TARGET = 14.0;
				LD_RUNPATH_SEARCH_PATHS = (
					"$(inherited)",
					"@executable_path/Frameworks",
				);
				PRODUCT_BUNDLE_IDENTIFIER = com.duongnguyen.MatchTrauma;
				PRODUCT_NAME = "$(TARGET_NAME)";
				SWIFT_VERSION = 5.0;
				TARGETED_DEVICE_FAMILY = "1,2";
			};
			name = Debug;
		};
		5FAC9FD526FEB88D00A5CB70 /* Release */ = {
			isa = XCBuildConfiguration;
			buildSettings = {
				ASSETCATALOG_COMPILER_APPICON_NAME = AppIcon;
				ASSETCATALOG_COMPILER_GLOBAL_ACCENT_COLOR_NAME = AccentColor;
				CODE_SIGN_STYLE = Automatic;
				DEVELOPMENT_ASSET_PATHS = "\"MatchTrauma/Preview Content\"";
				DEVELOPMENT_TEAM = 999249JKY3;
				ENABLE_PREVIEWS = YES;
				INFOPLIST_FILE = MatchTrauma/Info.plist;
				IPHONEOS_DEPLOYMENT_TARGET = 14.0;
				LD_RUNPATH_SEARCH_PATHS = (
					"$(inherited)",
					"@executable_path/Frameworks",
				);
				PRODUCT_BUNDLE_IDENTIFIER = com.duongnguyen.MatchTrauma;
				PRODUCT_NAME = "$(TARGET_NAME)";
				SWIFT_VERSION = 5.0;
				TARGETED_DEVICE_FAMILY = "1,2";
			};
			name = Release;
		};
/* End XCBuildConfiguration section */

/* Begin XCConfigurationList section */
		5FAC9FBF26FEB88C00A5CB70 /* Build configuration list for PBXProject "MatchTrauma" */ = {
			isa = XCConfigurationList;
			buildConfigurations = (
				5FAC9FD126FEB88D00A5CB70 /* Debug */,
				5FAC9FD226FEB88D00A5CB70 /* Release */,
			);
			defaultConfigurationIsVisible = 0;
			defaultConfigurationName = Release;
		};
		5FAC9FD326FEB88D00A5CB70 /* Build configuration list for PBXNativeTarget "MatchTrauma" */ = {
			isa = XCConfigurationList;
			buildConfigurations = (
				5FAC9FD426FEB88D00A5CB70 /* Debug */,
				5FAC9FD526FEB88D00A5CB70 /* Release */,
			);
			defaultConfigurationIsVisible = 0;
			defaultConfigurationName = Release;
		};
/* End XCConfigurationList section */
	};
	rootObject = 5FAC9FBC26FEB88C00A5CB70 /* Project object */;
}
